[[package]]
name = "appnope"
version = "0.1.3"
description = "Disable App Nap on macOS >= 10.9"
category = "main"
optional = false
python-versions = "*"

[[package]]
name = "asttokens"
version = "2.0.5"
description = "Annotate AST trees with source code positions"
category = "main"
optional = false
python-versions = "*"

[package.dependencies]
six = "*"

[package.extras]
test = ["astroid", "pytest"]

[[package]]
name = "backcall"
version = "0.2.0"
description = "Specifications for callback functions passed in to an API"
category = "main"
optional = false
python-versions = "*"

[[package]]
name = "certifi"
version = "2022.6.15"
description = "Python package for providing Mozilla's CA Bundle."
category = "main"
optional = false
python-versions = ">=3.6"

[[package]]
name = "charset-normalizer"
version = "2.1.0"
description = "The Real First Universal Charset Detector. Open, modern and actively maintained alternative to Chardet."
category = "main"
optional = false
python-versions = ">=3.6.0"

[package.extras]
unicode_backport = ["unicodedata2"]

[[package]]
name = "click"
version = "8.1.3"
description = "Composable command line interface toolkit"
category = "main"
optional = false
python-versions = ">=3.7"

[package.dependencies]
colorama = {version = "*", markers = "platform_system == \"Windows\""}

[[package]]
name = "colorama"
version = "0.4.5"
description = "Cross-platform colored terminal text."
category = "main"
optional = false
python-versions = ">=2.7, !=3.0.*, !=3.1.*, !=3.2.*, !=3.3.*, !=3.4.*"

[[package]]
name = "convertdate"
version = "2.4.0"
description = "Converts between Gregorian dates and other calendar systems"
category = "main"
optional = false
python-versions = "<4,>=3.7"

[package.dependencies]
pymeeus = ">=0.3.13,<=1"

[package.extras]
dev = ["build", "black", "isort", "pylint"]
docs = ["sphinx", "sphinx-rtd-theme", "myst-parser"]
tests = ["coverage"]

[[package]]
name = "decorator"
version = "5.1.1"
description = "Decorators for Humans"
category = "main"
optional = false
python-versions = ">=3.5"

[[package]]
name = "executing"
version = "0.8.3"
description = "Get the currently executing AST node of a frame, and other information"
category = "main"
optional = false
python-versions = "*"

[[package]]
name = "flask"
version = "2.1.3"
description = "A simple framework for building complex web applications."
category = "main"
optional = false
python-versions = ">=3.7"

[package.dependencies]
click = ">=8.0"
importlib-metadata = {version = ">=3.6.0", markers = "python_version < \"3.10\""}
itsdangerous = ">=2.0"
Jinja2 = ">=3.0"
Werkzeug = ">=2.0"

[package.extras]
async = ["asgiref (>=3.2)"]
dotenv = ["python-dotenv"]

[[package]]
name = "hijri-converter"
version = "2.2.4"
description = "Accurate Hijri-Gregorian dates converter based on the Umm al-Qura calendar"
category = "main"
optional = false
python-versions = ">=3.6"

[[package]]
name = "holidays"
version = "0.14.2"
description = "Generate and work with holidays in Python"
category = "main"
optional = false
python-versions = ">=3.7"

[package.dependencies]
convertdate = ">=2.3.0"
hijri-converter = "*"
korean-lunar-calendar = "*"
python-dateutil = "*"

[[package]]
name = "idna"
version = "3.3"
description = "Internationalized Domain Names in Applications (IDNA)"
category = "main"
optional = false
python-versions = ">=3.5"

[[package]]
name = "importlib-metadata"
version = "4.12.0"
description = "Read metadata from Python packages"
category = "main"
optional = false
python-versions = ">=3.7"

[package.dependencies]
zipp = ">=0.5"

[package.extras]
docs = ["sphinx", "jaraco.packaging (>=9)", "rst.linker (>=1.9)"]
perf = ["ipython"]
testing = ["pytest (>=6)", "pytest-checkdocs (>=2.4)", "pytest-flake8", "pytest-cov", "pytest-enabler (>=1.3)", "packaging", "pyfakefs", "flufl.flake8", "pytest-perf (>=0.9.2)", "pytest-black (>=0.3.7)", "pytest-mypy (>=0.9.1)", "importlib-resources (>=1.3)"]

[[package]]
name = "ipython"
version = "8.4.0"
description = "IPython: Productive Interactive Computing"
category = "main"
optional = false
python-versions = ">=3.8"

[package.dependencies]
appnope = {version = "*", markers = "sys_platform == \"darwin\""}
backcall = "*"
colorama = {version = "*", markers = "sys_platform == \"win32\""}
decorator = "*"
jedi = ">=0.16"
matplotlib-inline = "*"
pexpect = {version = ">4.3", markers = "sys_platform != \"win32\""}
pickleshare = "*"
prompt-toolkit = ">=2.0.0,<3.0.0 || >3.0.0,<3.0.1 || >3.0.1,<3.1.0"
pygments = ">=2.4.0"
stack-data = "*"
traitlets = ">=5"

[package.extras]
all = ["black", "Sphinx (>=1.3)", "ipykernel", "nbconvert", "nbformat", "ipywidgets", "notebook", "ipyparallel", "qtconsole", "pytest (<7.1)", "pytest-asyncio", "testpath", "curio", "matplotlib (!=3.2.0)", "numpy (>=1.19)", "pandas", "trio"]
black = ["black"]
doc = ["Sphinx (>=1.3)"]
kernel = ["ipykernel"]
nbconvert = ["nbconvert"]
nbformat = ["nbformat"]
notebook = ["ipywidgets", "notebook"]
parallel = ["ipyparallel"]
qtconsole = ["qtconsole"]
test = ["pytest (<7.1)", "pytest-asyncio", "testpath"]
test_extra = ["pytest (<7.1)", "pytest-asyncio", "testpath", "curio", "matplotlib (!=3.2.0)", "nbformat", "numpy (>=1.19)", "pandas", "trio"]

[[package]]
name = "itsdangerous"
version = "2.1.2"
description = "Safely pass data to untrusted environments and back."
category = "main"
optional = false
python-versions = ">=3.7"

[[package]]
name = "jedi"
version = "0.18.1"
description = "An autocompletion tool for Python that can be used for text editors."
category = "main"
optional = false
python-versions = ">=3.6"

[package.dependencies]
parso = ">=0.8.0,<0.9.0"

[package.extras]
qa = ["flake8 (==3.8.3)", "mypy (==0.782)"]
testing = ["Django (<3.1)", "colorama", "docopt", "pytest (<7.0.0)"]

[[package]]
name = "jinja2"
version = "3.1.2"
description = "A very fast and expressive template engine."
category = "main"
optional = false
python-versions = ">=3.7"

[package.dependencies]
MarkupSafe = ">=2.0"

[package.extras]
i18n = ["Babel (>=2.7)"]

[[package]]
name = "korean-lunar-calendar"
version = "0.2.1"
description = "Korean Lunar Calendar"
category = "main"
optional = false
python-versions = "*"

[[package]]
name = "markupsafe"
version = "2.1.1"
description = "Safely add untrusted strings to HTML/XML markup."
category = "main"
optional = false
python-versions = ">=3.7"

[[package]]
name = "matplotlib-inline"
version = "0.1.3"
description = "Inline Matplotlib backend for Jupyter"
category = "main"
optional = false
python-versions = ">=3.5"

[package.dependencies]
traitlets = "*"

[[package]]
name = "numpy"
version = "1.23.1"
description = "NumPy is the fundamental package for array computing with Python."
category = "main"
optional = false
python-versions = ">=3.8"

[[package]]
name = "pandas"
version = "1.4.3"
description = "Powerful data structures for data analysis, time series, and statistics"
category = "main"
optional = false
python-versions = ">=3.8"

[package.dependencies]
numpy = [
    {version = ">=1.18.5", markers = "platform_machine != \"aarch64\" and platform_machine != \"arm64\" and python_version < \"3.10\""},
    {version = ">=1.19.2", markers = "platform_machine == \"aarch64\" and python_version < \"3.10\""},
    {version = ">=1.20.0", markers = "platform_machine == \"arm64\" and python_version < \"3.10\""},
    {version = ">=1.21.0", markers = "python_version >= \"3.10\""},
]
python-dateutil = ">=2.8.1"
pytz = ">=2020.1"

[package.extras]
test = ["hypothesis (>=5.5.3)", "pytest (>=6.0)", "pytest-xdist (>=1.31)"]

[[package]]
name = "parso"
version = "0.8.3"
description = "A Python Parser"
category = "main"
optional = false
python-versions = ">=3.6"

[package.extras]
qa = ["flake8 (==3.8.3)", "mypy (==0.782)"]
testing = ["docopt", "pytest (<6.0.0)"]

[[package]]
name = "pexpect"
version = "4.8.0"
description = "Pexpect allows easy control of interactive console applications."
category = "main"
optional = false
python-versions = "*"

[package.dependencies]
ptyprocess = ">=0.5"

[[package]]
name = "pickleshare"
version = "0.7.5"
description = "Tiny 'shelve'-like database with concurrency support"
category = "main"
optional = false
python-versions = "*"

[[package]]
name = "prompt-toolkit"
version = "3.0.30"
description = "Library for building powerful interactive command lines in Python"
category = "main"
optional = false
python-versions = ">=3.6.2"

[package.dependencies]
wcwidth = "*"

[[package]]
name = "ptyprocess"
version = "0.7.0"
description = "Run a subprocess in a pseudo terminal"
category = "main"
optional = false
python-versions = "*"

[[package]]
name = "pure-eval"
version = "0.2.2"
description = "Safely evaluate AST nodes without side effects"
category = "main"
optional = false
python-versions = "*"

[package.extras]
tests = ["pytest"]

[[package]]
name = "pyairtable"
version = "1.2.0"
description = "Python Client for the Airtable API"
category = "main"
optional = false
python-versions = "*"

[package.dependencies]
requests = ">=2"

[[package]]
name = "pygments"
version = "2.12.0"
description = "Pygments is a syntax highlighting package written in Python."
category = "main"
optional = false
python-versions = ">=3.6"

[[package]]
name = "pymeeus"
version = "0.5.11"
description = "Python implementation of Jean Meeus astronomical routines"
category = "main"
optional = false
python-versions = "*"

[[package]]
name = "python-dateutil"
version = "2.8.2"
description = "Extensions to the standard Python datetime module"
category = "main"
optional = false
python-versions = "!=3.0.*,!=3.1.*,!=3.2.*,>=2.7"

[package.dependencies]
six = ">=1.5"

[[package]]
name = "python-dotenv"
version = "0.20.0"
description = "Read key-value pairs from a .env file and set them as environment variables"
category = "main"
optional = false
python-versions = ">=3.5"

[package.extras]
cli = ["click (>=5.0)"]

[[package]]
name = "pytz"
version = "2022.1"
description = "World timezone definitions, modern and historical"
category = "main"
optional = false
python-versions = "*"

[[package]]
name = "requests"
version = "2.28.1"
description = "Python HTTP for Humans."
category = "main"
optional = false
python-versions = ">=3.7, <4"

[package.dependencies]
certifi = ">=2017.4.17"
charset-normalizer = ">=2,<3"
idna = ">=2.5,<4"
urllib3 = ">=1.21.1,<1.27"

[package.extras]
socks = ["PySocks (>=1.5.6,!=1.5.7)"]
use_chardet_on_py3 = ["chardet (>=3.0.2,<6)"]

[[package]]
name = "six"
version = "1.16.0"
description = "Python 2 and 3 compatibility utilities"
category = "main"
optional = false
python-versions = ">=2.7, !=3.0.*, !=3.1.*, !=3.2.*"

[[package]]
name = "slack-bolt"
version = "1.14.0"
description = "The Bolt Framework for Python"
category = "main"
optional = false
python-versions = ">=3.6"

[package.dependencies]
slack-sdk = ">=3.15.2,<4"

[package.extras]
adapter = ["boto3 (<=2)", "bottle (>=0.12,<1)", "chalice (>=1.26.5,<2)", "click (>=7,<8)", "CherryPy (>=18,<19)", "Django (>=3,<5)", "falcon (>=2,<4)", "fastapi (>=0.70.0,<1)", "Flask (>=1,<3)", "Werkzeug (>=2,<3)", "pyramid (>=1,<3)", "sanic (>=21,<22)", "starlette (>=0.14,<1)", "tornado (>=6,<7)", "uvicorn (<1)", "gunicorn (>=20,<21)", "websocket-client (>=1.2.3,<2)"]
adapter_testing = ["moto (>=3,<4)", "docker (>=5,<6)", "boddle (>=0.2,<0.3)", "Flask (>=1,<2)", "Werkzeug (>=1,<2)", "sanic-testing (>=0.7)", "requests (>=2,<3)"]
async = ["aiohttp (>=3,<4)", "websockets (>=8,<10)"]
testing = ["pytest (>=6.2.5,<7)", "pytest-cov (>=3,<4)", "Flask-Sockets (>=0.2,<1)", "Werkzeug (>=1,<2)", "itsdangerous (==2.0.1)", "Jinja2 (==3.0.3)", "black (==22.3.0)", "click (<=8.0.4)", "pytest-asyncio (>=0.18.2,<1)", "aiohttp (>=3,<4)"]
testing_without_asyncio = ["pytest (>=6.2.5,<7)", "pytest-cov (>=3,<4)", "Flask-Sockets (>=0.2,<1)", "Werkzeug (>=1,<2)", "itsdangerous (==2.0.1)", "Jinja2 (==3.0.3)", "black (==22.3.0)", "click (<=8.0.4)"]

[[package]]
name = "slack-sdk"
version = "3.17.2"
description = "The Slack API Platform SDK for Python"
category = "main"
optional = false
python-versions = ">=3.6.0"

[package.extras]
optional = ["aiodns (>1.0)", "aiohttp (>=3.7.3,<4)", "boto3 (<=2)", "SQLAlchemy (>=1,<2)", "websockets (>=10,<11)", "websocket-client (>=1,<2)"]
testing = ["pytest (>=6.2.5,<7)", "pytest-asyncio (<1)", "Flask-Sockets (>=0.2,<1)", "Flask (>=1,<2)", "Werkzeug (<2)", "itsdangerous (==1.1.0)", "Jinja2 (==3.0.3)", "pytest-cov (>=2,<3)", "codecov (>=2,<3)", "flake8 (>=4,<5)", "black (==22.3.0)", "click (==8.0.4)", "psutil (>=5,<6)", "databases (>=0.5)", "boto3 (<=2)", "moto (>=3,<4)"]

[[package]]
name = "stack-data"
version = "0.3.0"
description = "Extract data from python stack frames and tracebacks for informative displays"
category = "main"
optional = false
python-versions = "*"

[package.dependencies]
asttokens = "*"
executing = "*"
pure-eval = "*"

[package.extras]
tests = ["pytest", "typeguard", "pygments", "littleutils", "cython"]

[[package]]
name = "tabulate"
version = "0.8.10"
description = "Pretty-print tabular data"
category = "main"
optional = false
python-versions = ">=2.7, !=3.0.*, !=3.1.*, !=3.2.*, !=3.3.*, !=3.4.*"

[package.extras]
widechars = ["wcwidth"]

[[package]]
name = "traitlets"
version = "5.3.0"
description = ""
category = "main"
optional = false
python-versions = ">=3.7"

[package.extras]
test = ["pre-commit", "pytest"]

[[package]]
name = "urllib3"
version = "1.26.10"
description = "HTTP library with thread-safe connection pooling, file post, and more."
category = "main"
optional = false
python-versions = ">=2.7, !=3.0.*, !=3.1.*, !=3.2.*, !=3.3.*, !=3.4.*, !=3.5.*, <4"

[package.extras]
brotli = ["brotlicffi (>=0.8.0)", "brotli (>=1.0.9)", "brotlipy (>=0.6.0)"]
secure = ["pyOpenSSL (>=0.14)", "cryptography (>=1.3.4)", "idna (>=2.0.0)", "certifi", "ipaddress"]
socks = ["PySocks (>=1.5.6,!=1.5.7,<2.0)"]

[[package]]
name = "wcwidth"
version = "0.2.5"
description = "Measures the displayed width of unicode strings in a terminal"
category = "main"
optional = false
python-versions = "*"

[[package]]
name = "werkzeug"
version = "2.1.2"
description = "The comprehensive WSGI web application library."
category = "main"
optional = false
python-versions = ">=3.7"

[package.extras]
watchdog = ["watchdog"]

[[package]]
name = "zipp"
version = "3.8.0"
description = "Backport of pathlib-compatible object wrapper for zip files"
category = "main"
optional = false
python-versions = ">=3.7"

[package.extras]
docs = ["sphinx", "jaraco.packaging (>=9)", "rst.linker (>=1.9)"]
testing = ["pytest (>=6)", "pytest-checkdocs (>=2.4)", "pytest-flake8", "pytest-cov", "pytest-enabler (>=1.0.1)", "jaraco.itertools", "func-timeout", "pytest-black (>=0.3.7)", "pytest-mypy (>=0.9.1)"]

[metadata]
lock-version = "1.1"
python-versions = "^3.8"
content-hash = "9d3faa02d7166b42374bde62e705b3148f2333b9ccca57de6f3ead56d37af96d"

[metadata.files]
appnope = [
    {file = "appnope-0.1.3-py2.py3-none-any.whl", hash = "sha256:265a455292d0bd8a72453494fa24df5a11eb18373a60c7c0430889f22548605e"},
    {file = "appnope-0.1.3.tar.gz", hash = "sha256:02bd91c4de869fbb1e1c50aafc4098827a7a54ab2f39d9dcba6c9547ed920e24"},
]
asttokens = [
    {file = "asttokens-2.0.5-py2.py3-none-any.whl", hash = "sha256:0844691e88552595a6f4a4281a9f7f79b8dd45ca4ccea82e5e05b4bbdb76705c"},
    {file = "asttokens-2.0.5.tar.gz", hash = "sha256:9a54c114f02c7a9480d56550932546a3f1fe71d8a02f1bc7ccd0ee3ee35cf4d5"},
]
backcall = [
    {file = "backcall-0.2.0-py2.py3-none-any.whl", hash = "sha256:fbbce6a29f263178a1f7915c1940bde0ec2b2a967566fe1c65c1dfb7422bd255"},
    {file = "backcall-0.2.0.tar.gz", hash = "sha256:5cbdbf27be5e7cfadb448baf0aa95508f91f2bbc6c6437cd9cd06e2a4c215e1e"},
]
certifi = [
    {file = "certifi-2022.6.15-py3-none-any.whl", hash = "sha256:fe86415d55e84719d75f8b69414f6438ac3547d2078ab91b67e779ef69378412"},
    {file = "certifi-2022.6.15.tar.gz", hash = "sha256:84c85a9078b11105f04f3036a9482ae10e4621616db313fe045dd24743a0820d"},
]
charset-normalizer = [
    {file = "charset-normalizer-2.1.0.tar.gz", hash = "sha256:575e708016ff3a5e3681541cb9d79312c416835686d054a23accb873b254f413"},
    {file = "charset_normalizer-2.1.0-py3-none-any.whl", hash = "sha256:5189b6f22b01957427f35b6a08d9a0bc45b46d3788ef5a92e978433c7a35f8a5"},
]
click = [
    {file = "click-8.1.3-py3-none-any.whl", hash = "sha256:bb4d8133cb15a609f44e8213d9b391b0809795062913b383c62be0ee95b1db48"},
    {file = "click-8.1.3.tar.gz", hash = "sha256:7682dc8afb30297001674575ea00d1814d808d6a36af415a82bd481d37ba7b8e"},
]
colorama = [
    {file = "colorama-0.4.5-py2.py3-none-any.whl", hash = "sha256:854bf444933e37f5824ae7bfc1e98d5bce2ebe4160d46b5edf346a89358e99da"},
    {file = "colorama-0.4.5.tar.gz", hash = "sha256:e6c6b4334fc50988a639d9b98aa429a0b57da6e17b9a44f0451f930b6967b7a4"},
]
convertdate = [
    {file = "convertdate-2.4.0-py3-none-any.whl", hash = "sha256:fcffe3a67522172648cf03b0c3757cfd079726fe5ae04ce29989ad3958039e4e"},
    {file = "convertdate-2.4.0.tar.gz", hash = "sha256:770c6b2195544d3e451e230b3f1c9b121ed02680b877f896306a04cf6f26b48f"},
]
decorator = [
    {file = "decorator-5.1.1-py3-none-any.whl", hash = "sha256:b8c3f85900b9dc423225913c5aace94729fe1fa9763b38939a95226f02d37186"},
    {file = "decorator-5.1.1.tar.gz", hash = "sha256:637996211036b6385ef91435e4fae22989472f9d571faba8927ba8253acbc330"},
]
executing = [
    {file = "executing-0.8.3-py2.py3-none-any.whl", hash = "sha256:d1eef132db1b83649a3905ca6dd8897f71ac6f8cac79a7e58a1a09cf137546c9"},
    {file = "executing-0.8.3.tar.gz", hash = "sha256:c6554e21c6b060590a6d3be4b82fb78f8f0194d809de5ea7df1c093763311501"},
]
flask = [
    {file = "Flask-2.1.3-py3-none-any.whl", hash = "sha256:9013281a7402ad527f8fd56375164f3aa021ecfaff89bfe3825346c24f87e04c"},
    {file = "Flask-2.1.3.tar.gz", hash = "sha256:15972e5017df0575c3d6c090ba168b6db90259e620ac8d7ea813a396bad5b6cb"},
]
hijri-converter = [
    {file = "hijri-converter-2.2.4.tar.gz", hash = "sha256:9e1d9fa4c220f6867da2abb1a96240675ae974abba951c686a781f4ef6ac218f"},
    {file = "hijri_converter-2.2.4-py3-none-any.whl", hash = "sha256:5ed4f4c284626e3916cd770e09346d5cc319e2a7762c22357838864908fd6e6d"},
]
holidays = [
    {file = "holidays-0.14.2-py3-none-any.whl", hash = "sha256:441156949b1c41f08bb08ef8e79fcadfd76d2dd7837f49d7bfc6a572fc442c93"},
    {file = "holidays-0.14.2.tar.gz", hash = "sha256:0e70fd174804aea1c870b151319faebcd5cdb0d955b78230434e1afd1778498e"},
]
idna = [
    {file = "idna-3.3-py3-none-any.whl", hash = "sha256:84d9dd047ffa80596e0f246e2eab0b391788b0503584e8945f2368256d2735ff"},
    {file = "idna-3.3.tar.gz", hash = "sha256:9d643ff0a55b762d5cdb124b8eaa99c66322e2157b69160bc32796e824360e6d"},
]
importlib-metadata = [
    {file = "importlib_metadata-4.12.0-py3-none-any.whl", hash = "sha256:7401a975809ea1fdc658c3aa4f78cc2195a0e019c5cbc4c06122884e9ae80c23"},
    {file = "importlib_metadata-4.12.0.tar.gz", hash = "sha256:637245b8bab2b6502fcbc752cc4b7a6f6243bb02b31c5c26156ad103d3d45670"},
]
ipython = [
    {file = "ipython-8.4.0-py3-none-any.whl", hash = "sha256:7ca74052a38fa25fe9bedf52da0be7d3fdd2fb027c3b778ea78dfe8c212937d1"},
    {file = "ipython-8.4.0.tar.gz", hash = "sha256:f2db3a10254241d9b447232cec8b424847f338d9d36f9a577a6192c332a46abd"},
]
itsdangerous = [
    {file = "itsdangerous-2.1.2-py3-none-any.whl", hash = "sha256:2c2349112351b88699d8d4b6b075022c0808887cb7ad10069318a8b0bc88db44"},
    {file = "itsdangerous-2.1.2.tar.gz", hash = "sha256:5dbbc68b317e5e42f327f9021763545dc3fc3bfe22e6deb96aaf1fc38874156a"},
]
jedi = [
    {file = "jedi-0.18.1-py2.py3-none-any.whl", hash = "sha256:637c9635fcf47945ceb91cd7f320234a7be540ded6f3e99a50cb6febdfd1ba8d"},
    {file = "jedi-0.18.1.tar.gz", hash = "sha256:74137626a64a99c8eb6ae5832d99b3bdd7d29a3850fe2aa80a4126b2a7d949ab"},
]
jinja2 = [
    {file = "Jinja2-3.1.2-py3-none-any.whl", hash = "sha256:6088930bfe239f0e6710546ab9c19c9ef35e29792895fed6e6e31a023a182a61"},
    {file = "Jinja2-3.1.2.tar.gz", hash = "sha256:31351a702a408a9e7595a8fc6150fc3f43bb6bf7e319770cbc0db9df9437e852"},
]
korean-lunar-calendar = [
    {file = "korean_lunar_calendar-0.2.1-py3-none-any.whl", hash = "sha256:a619ea88610129019267467b85cc9faf0fab6e1694b2e782d1aeb610cdd382d5"},
    {file = "korean_lunar_calendar-0.2.1.tar.gz", hash = "sha256:12ce54b1392ed45a82dc6cea85ee5f7e33630556e82488f57e37a22482c8275d"},
]
markupsafe = [
    {file = "MarkupSafe-2.1.1-cp310-cp310-macosx_10_9_universal2.whl", hash = "sha256:86b1f75c4e7c2ac2ccdaec2b9022845dbb81880ca318bb7a0a01fbf7813e3812"},
    {file = "MarkupSafe-2.1.1-cp310-cp310-macosx_10_9_x86_64.whl", hash = "sha256:f121a1420d4e173a5d96e47e9a0c0dcff965afdf1626d28de1460815f7c4ee7a"},
    {file = "MarkupSafe-2.1.1-cp310-cp310-manylinux_2_17_aarch64.manylinux2014_aarch64.whl", hash = "sha256:a49907dd8420c5685cfa064a1335b6754b74541bbb3706c259c02ed65b644b3e"},
    {file = "MarkupSafe-2.1.1-cp310-cp310-manylinux_2_17_x86_64.manylinux2014_x86_64.whl", hash = "sha256:10c1bfff05d95783da83491be968e8fe789263689c02724e0c691933c52994f5"},
    {file = "MarkupSafe-2.1.1-cp310-cp310-manylinux_2_5_i686.manylinux1_i686.manylinux_2_17_i686.manylinux2014_i686.whl", hash = "sha256:b7bd98b796e2b6553da7225aeb61f447f80a1ca64f41d83612e6139ca5213aa4"},
    {file = "MarkupSafe-2.1.1-cp310-cp310-musllinux_1_1_aarch64.whl", hash = "sha256:b09bf97215625a311f669476f44b8b318b075847b49316d3e28c08e41a7a573f"},
    {file = "MarkupSafe-2.1.1-cp310-cp310-musllinux_1_1_i686.whl", hash = "sha256:694deca8d702d5db21ec83983ce0bb4b26a578e71fbdbd4fdcd387daa90e4d5e"},
    {file = "MarkupSafe-2.1.1-cp310-cp310-musllinux_1_1_x86_64.whl", hash = "sha256:efc1913fd2ca4f334418481c7e595c00aad186563bbc1ec76067848c7ca0a933"},
    {file = "MarkupSafe-2.1.1-cp310-cp310-win32.whl", hash = "sha256:4a33dea2b688b3190ee12bd7cfa29d39c9ed176bda40bfa11099a3ce5d3a7ac6"},
    {file = "MarkupSafe-2.1.1-cp310-cp310-win_amd64.whl", hash = "sha256:dda30ba7e87fbbb7eab1ec9f58678558fd9a6b8b853530e176eabd064da81417"},
    {file = "MarkupSafe-2.1.1-cp37-cp37m-macosx_10_9_x86_64.whl", hash = "sha256:671cd1187ed5e62818414afe79ed29da836dde67166a9fac6d435873c44fdd02"},
    {file = "MarkupSafe-2.1.1-cp37-cp37m-manylinux_2_17_aarch64.manylinux2014_aarch64.whl", hash = "sha256:3799351e2336dc91ea70b034983ee71cf2f9533cdff7c14c90ea126bfd95d65a"},
    {file = "MarkupSafe-2.1.1-cp37-cp37m-manylinux_2_17_x86_64.manylinux2014_x86_64.whl", hash = "sha256:e72591e9ecd94d7feb70c1cbd7be7b3ebea3f548870aa91e2732960fa4d57a37"},
    {file = "MarkupSafe-2.1.1-cp37-cp37m-manylinux_2_5_i686.manylinux1_i686.manylinux_2_17_i686.manylinux2014_i686.whl", hash = "sha256:6fbf47b5d3728c6aea2abb0589b5d30459e369baa772e0f37a0320185e87c980"},
    {file = "MarkupSafe-2.1.1-cp37-cp37m-musllinux_1_1_aarch64.whl", hash = "sha256:d5ee4f386140395a2c818d149221149c54849dfcfcb9f1debfe07a8b8bd63f9a"},
    {file = "MarkupSafe-2.1.1-cp37-cp37m-musllinux_1_1_i686.whl", hash = "sha256:bcb3ed405ed3222f9904899563d6fc492ff75cce56cba05e32eff40e6acbeaa3"},
    {file = "MarkupSafe-2.1.1-cp37-cp37m-musllinux_1_1_x86_64.whl", hash = "sha256:e1c0b87e09fa55a220f058d1d49d3fb8df88fbfab58558f1198e08c1e1de842a"},
    {file = "MarkupSafe-2.1.1-cp37-cp37m-win32.whl", hash = "sha256:8dc1c72a69aa7e082593c4a203dcf94ddb74bb5c8a731e4e1eb68d031e8498ff"},
    {file = "MarkupSafe-2.1.1-cp37-cp37m-win_amd64.whl", hash = "sha256:97a68e6ada378df82bc9f16b800ab77cbf4b2fada0081794318520138c088e4a"},
    {file = "MarkupSafe-2.1.1-cp38-cp38-macosx_10_9_universal2.whl", hash = "sha256:e8c843bbcda3a2f1e3c2ab25913c80a3c5376cd00c6e8c4a86a89a28c8dc5452"},
    {file = "MarkupSafe-2.1.1-cp38-cp38-macosx_10_9_x86_64.whl", hash = "sha256:0212a68688482dc52b2d45013df70d169f542b7394fc744c02a57374a4207003"},
    {file = "MarkupSafe-2.1.1-cp38-cp38-manylinux_2_17_aarch64.manylinux2014_aarch64.whl", hash = "sha256:8e576a51ad59e4bfaac456023a78f6b5e6e7651dcd383bcc3e18d06f9b55d6d1"},
    {file = "MarkupSafe-2.1.1-cp38-cp38-manylinux_2_17_x86_64.manylinux2014_x86_64.whl", hash = "sha256:4b9fe39a2ccc108a4accc2676e77da025ce383c108593d65cc909add5c3bd601"},
    {file = "MarkupSafe-2.1.1-cp38-cp38-manylinux_2_5_i686.manylinux1_i686.manylinux_2_17_i686.manylinux2014_i686.whl", hash = "sha256:96e37a3dc86e80bf81758c152fe66dbf60ed5eca3d26305edf01892257049925"},
    {file = "MarkupSafe-2.1.1-cp38-cp38-musllinux_1_1_aarch64.whl", hash = "sha256:6d0072fea50feec76a4c418096652f2c3238eaa014b2f94aeb1d56a66b41403f"},
    {file = "MarkupSafe-2.1.1-cp38-cp38-musllinux_1_1_i686.whl", hash = "sha256:089cf3dbf0cd6c100f02945abeb18484bd1ee57a079aefd52cffd17fba910b88"},
    {file = "MarkupSafe-2.1.1-cp38-cp38-musllinux_1_1_x86_64.whl", hash = "sha256:6a074d34ee7a5ce3effbc526b7083ec9731bb3cbf921bbe1d3005d4d2bdb3a63"},
    {file = "MarkupSafe-2.1.1-cp38-cp38-win32.whl", hash = "sha256:421be9fbf0ffe9ffd7a378aafebbf6f4602d564d34be190fc19a193232fd12b1"},
    {file = "MarkupSafe-2.1.1-cp38-cp38-win_amd64.whl", hash = "sha256:fc7b548b17d238737688817ab67deebb30e8073c95749d55538ed473130ec0c7"},
    {file = "MarkupSafe-2.1.1-cp39-cp39-macosx_10_9_universal2.whl", hash = "sha256:e04e26803c9c3851c931eac40c695602c6295b8d432cbe78609649ad9bd2da8a"},
    {file = "MarkupSafe-2.1.1-cp39-cp39-macosx_10_9_x86_64.whl", hash = "sha256:b87db4360013327109564f0e591bd2a3b318547bcef31b468a92ee504d07ae4f"},
    {file = "MarkupSafe-2.1.1-cp39-cp39-manylinux_2_17_aarch64.manylinux2014_aarch64.whl", hash = "sha256:99a2a507ed3ac881b975a2976d59f38c19386d128e7a9a18b7df6fff1fd4c1d6"},
    {file = "MarkupSafe-2.1.1-cp39-cp39-manylinux_2_17_x86_64.manylinux2014_x86_64.whl", hash = "sha256:56442863ed2b06d19c37f94d999035e15ee982988920e12a5b4ba29b62ad1f77"},
    {file = "MarkupSafe-2.1.1-cp39-cp39-manylinux_2_5_i686.manylinux1_i686.manylinux_2_17_i686.manylinux2014_i686.whl", hash = "sha256:3ce11ee3f23f79dbd06fb3d63e2f6af7b12db1d46932fe7bd8afa259a5996603"},
    {file = "MarkupSafe-2.1.1-cp39-cp39-musllinux_1_1_aarch64.whl", hash = "sha256:33b74d289bd2f5e527beadcaa3f401e0df0a89927c1559c8566c066fa4248ab7"},
    {file = "MarkupSafe-2.1.1-cp39-cp39-musllinux_1_1_i686.whl", hash = "sha256:43093fb83d8343aac0b1baa75516da6092f58f41200907ef92448ecab8825135"},
    {file = "MarkupSafe-2.1.1-cp39-cp39-musllinux_1_1_x86_64.whl", hash = "sha256:8e3dcf21f367459434c18e71b2a9532d96547aef8a871872a5bd69a715c15f96"},
    {file = "MarkupSafe-2.1.1-cp39-cp39-win32.whl", hash = "sha256:d4306c36ca495956b6d568d276ac11fdd9c30a36f1b6eb928070dc5360b22e1c"},
    {file = "MarkupSafe-2.1.1-cp39-cp39-win_amd64.whl", hash = "sha256:46d00d6cfecdde84d40e572d63735ef81423ad31184100411e6e3388d405e247"},
    {file = "MarkupSafe-2.1.1.tar.gz", hash = "sha256:7f91197cc9e48f989d12e4e6fbc46495c446636dfc81b9ccf50bb0ec74b91d4b"},
]
matplotlib-inline = [
    {file = "matplotlib-inline-0.1.3.tar.gz", hash = "sha256:a04bfba22e0d1395479f866853ec1ee28eea1485c1d69a6faf00dc3e24ff34ee"},
    {file = "matplotlib_inline-0.1.3-py3-none-any.whl", hash = "sha256:aed605ba3b72462d64d475a21a9296f400a19c4f74a31b59103d2a99ffd5aa5c"},
]
numpy = [
    {file = "numpy-1.23.1-cp310-cp310-macosx_10_9_x86_64.whl", hash = "sha256:b15c3f1ed08df4980e02cc79ee058b788a3d0bef2fb3c9ca90bb8cbd5b8a3a04"},
    {file = "numpy-1.23.1-cp310-cp310-macosx_11_0_arm64.whl", hash = "sha256:9ce242162015b7e88092dccd0e854548c0926b75c7924a3495e02c6067aba1f5"},
    {file = "numpy-1.23.1-cp310-cp310-manylinux_2_17_aarch64.manylinux2014_aarch64.whl", hash = "sha256:e0d7447679ae9a7124385ccf0ea990bb85bb869cef217e2ea6c844b6a6855073"},
    {file = "numpy-1.23.1-cp310-cp310-manylinux_2_17_x86_64.manylinux2014_x86_64.whl", hash = "sha256:3119daed207e9410eaf57dcf9591fdc68045f60483d94956bee0bfdcba790953"},
    {file = "numpy-1.23.1-cp310-cp310-win32.whl", hash = "sha256:3ab67966c8d45d55a2bdf40701536af6443763907086c0a6d1232688e27e5447"},
    {file = "numpy-1.23.1-cp310-cp310-win_amd64.whl", hash = "sha256:1865fdf51446839ca3fffaab172461f2b781163f6f395f1aed256b1ddc253622"},
    {file = "numpy-1.23.1-cp38-cp38-macosx_10_9_x86_64.whl", hash = "sha256:aeba539285dcf0a1ba755945865ec61240ede5432df41d6e29fab305f4384db2"},
    {file = "numpy-1.23.1-cp38-cp38-macosx_11_0_arm64.whl", hash = "sha256:7e8229f3687cdadba2c4faef39204feb51ef7c1a9b669247d49a24f3e2e1617c"},
    {file = "numpy-1.23.1-cp38-cp38-manylinux_2_17_aarch64.manylinux2014_aarch64.whl", hash = "sha256:68b69f52e6545af010b76516f5daaef6173e73353e3295c5cb9f96c35d755641"},
    {file = "numpy-1.23.1-cp38-cp38-manylinux_2_17_x86_64.manylinux2014_x86_64.whl", hash = "sha256:1408c3527a74a0209c781ac82bde2182b0f0bf54dea6e6a363fe0cc4488a7ce7"},
    {file = "numpy-1.23.1-cp38-cp38-win32.whl", hash = "sha256:47f10ab202fe4d8495ff484b5561c65dd59177949ca07975663f4494f7269e3e"},
    {file = "numpy-1.23.1-cp38-cp38-win_amd64.whl", hash = "sha256:37e5ebebb0eb54c5b4a9b04e6f3018e16b8ef257d26c8945925ba8105008e645"},
    {file = "numpy-1.23.1-cp39-cp39-macosx_10_9_x86_64.whl", hash = "sha256:173f28921b15d341afadf6c3898a34f20a0569e4ad5435297ba262ee8941e77b"},
    {file = "numpy-1.23.1-cp39-cp39-macosx_11_0_arm64.whl", hash = "sha256:876f60de09734fbcb4e27a97c9a286b51284df1326b1ac5f1bf0ad3678236b22"},
    {file = "numpy-1.23.1-cp39-cp39-manylinux_2_17_aarch64.manylinux2014_aarch64.whl", hash = "sha256:35590b9c33c0f1c9732b3231bb6a72d1e4f77872390c47d50a615686ae7ed3fd"},
    {file = "numpy-1.23.1-cp39-cp39-manylinux_2_17_x86_64.manylinux2014_x86_64.whl", hash = "sha256:a35c4e64dfca659fe4d0f1421fc0f05b8ed1ca8c46fb73d9e5a7f175f85696bb"},
    {file = "numpy-1.23.1-cp39-cp39-win32.whl", hash = "sha256:c2f91f88230042a130ceb1b496932aa717dcbd665350beb821534c5c7e15881c"},
    {file = "numpy-1.23.1-cp39-cp39-win_amd64.whl", hash = "sha256:37ece2bd095e9781a7156852e43d18044fd0d742934833335599c583618181b9"},
    {file = "numpy-1.23.1-pp38-pypy38_pp73-macosx_10_9_x86_64.whl", hash = "sha256:8002574a6b46ac3b5739a003b5233376aeac5163e5dcd43dd7ad062f3e186129"},
    {file = "numpy-1.23.1-pp38-pypy38_pp73-manylinux_2_17_x86_64.manylinux2014_x86_64.whl", hash = "sha256:5d732d17b8a9061540a10fda5bfeabca5785700ab5469a5e9b93aca5e2d3a5fb"},
    {file = "numpy-1.23.1-pp38-pypy38_pp73-win_amd64.whl", hash = "sha256:55df0f7483b822855af67e38fb3a526e787adf189383b4934305565d71c4b148"},
    {file = "numpy-1.23.1.tar.gz", hash = "sha256:d748ef349bfef2e1194b59da37ed5a29c19ea8d7e6342019921ba2ba4fd8b624"},
]
pandas = [
    {file = "pandas-1.4.3-cp310-cp310-macosx_10_9_universal2.whl", hash = "sha256:d51674ed8e2551ef7773820ef5dab9322be0828629f2cbf8d1fc31a0c4fed640"},
    {file = "pandas-1.4.3-cp310-cp310-macosx_10_9_x86_64.whl", hash = "sha256:16ad23db55efcc93fa878f7837267973b61ea85d244fc5ff0ccbcfa5638706c5"},
    {file = "pandas-1.4.3-cp310-cp310-macosx_11_0_arm64.whl", hash = "sha256:958a0588149190c22cdebbc0797e01972950c927a11a900fe6c2296f207b1d6f"},
    {file = "pandas-1.4.3-cp310-cp310-manylinux_2_17_aarch64.manylinux2014_aarch64.whl", hash = "sha256:e48fbb64165cda451c06a0f9e4c7a16b534fcabd32546d531b3c240ce2844112"},
    {file = "pandas-1.4.3-cp310-cp310-manylinux_2_17_x86_64.manylinux2014_x86_64.whl", hash = "sha256:6f803320c9da732cc79210d7e8cc5c8019aad512589c910c66529eb1b1818230"},
    {file = "pandas-1.4.3-cp310-cp310-win_amd64.whl", hash = "sha256:2893e923472a5e090c2d5e8db83e8f907364ec048572084c7d10ef93546be6d1"},
    {file = "pandas-1.4.3-cp38-cp38-macosx_10_9_universal2.whl", hash = "sha256:24ea75f47bbd5574675dae21d51779a4948715416413b30614c1e8b480909f81"},
    {file = "pandas-1.4.3-cp38-cp38-macosx_10_9_x86_64.whl", hash = "sha256:d5ebc990bd34f4ac3c73a2724c2dcc9ee7bf1ce6cf08e87bb25c6ad33507e318"},
    {file = "pandas-1.4.3-cp38-cp38-macosx_11_0_arm64.whl", hash = "sha256:d6c0106415ff1a10c326c49bc5dd9ea8b9897a6ca0c8688eb9c30ddec49535ef"},
    {file = "pandas-1.4.3-cp38-cp38-manylinux_2_17_aarch64.manylinux2014_aarch64.whl", hash = "sha256:78b00429161ccb0da252229bcda8010b445c4bf924e721265bec5a6e96a92e92"},
    {file = "pandas-1.4.3-cp38-cp38-manylinux_2_17_x86_64.manylinux2014_x86_64.whl", hash = "sha256:6dfbf16b1ea4f4d0ee11084d9c026340514d1d30270eaa82a9f1297b6c8ecbf0"},
    {file = "pandas-1.4.3-cp38-cp38-win32.whl", hash = "sha256:48350592665ea3cbcd07efc8c12ff12d89be09cd47231c7925e3b8afada9d50d"},
    {file = "pandas-1.4.3-cp38-cp38-win_amd64.whl", hash = "sha256:605d572126eb4ab2eadf5c59d5d69f0608df2bf7bcad5c5880a47a20a0699e3e"},
    {file = "pandas-1.4.3-cp39-cp39-macosx_10_9_universal2.whl", hash = "sha256:a3924692160e3d847e18702bb048dc38e0e13411d2b503fecb1adf0fcf950ba4"},
    {file = "pandas-1.4.3-cp39-cp39-macosx_10_9_x86_64.whl", hash = "sha256:07238a58d7cbc8a004855ade7b75bbd22c0db4b0ffccc721556bab8a095515f6"},
    {file = "pandas-1.4.3-cp39-cp39-macosx_11_0_arm64.whl", hash = "sha256:755679c49460bd0d2f837ab99f0a26948e68fa0718b7e42afbabd074d945bf84"},
    {file = "pandas-1.4.3-cp39-cp39-manylinux_2_17_aarch64.manylinux2014_aarch64.whl", hash = "sha256:41fc406e374590a3d492325b889a2686b31e7a7780bec83db2512988550dadbf"},
    {file = "pandas-1.4.3-cp39-cp39-manylinux_2_17_x86_64.manylinux2014_x86_64.whl", hash = "sha256:1d9382f72a4f0e93909feece6fef5500e838ce1c355a581b3d8f259839f2ea76"},
    {file = "pandas-1.4.3-cp39-cp39-win32.whl", hash = "sha256:0daf876dba6c622154b2e6741f29e87161f844e64f84801554f879d27ba63c0d"},
    {file = "pandas-1.4.3-cp39-cp39-win_amd64.whl", hash = "sha256:721a3dd2f06ef942f83a819c0f3f6a648b2830b191a72bbe9451bcd49c3bd42e"},
    {file = "pandas-1.4.3.tar.gz", hash = "sha256:2ff7788468e75917574f080cd4681b27e1a7bf36461fe968b49a87b5a54d007c"},
]
parso = [
    {file = "parso-0.8.3-py2.py3-none-any.whl", hash = "sha256:c001d4636cd3aecdaf33cbb40aebb59b094be2a74c556778ef5576c175e19e75"},
    {file = "parso-0.8.3.tar.gz", hash = "sha256:8c07be290bb59f03588915921e29e8a50002acaf2cdc5fa0e0114f91709fafa0"},
]
pexpect = [
    {file = "pexpect-4.8.0-py2.py3-none-any.whl", hash = "sha256:0b48a55dcb3c05f3329815901ea4fc1537514d6ba867a152b581d69ae3710937"},
    {file = "pexpect-4.8.0.tar.gz", hash = "sha256:fc65a43959d153d0114afe13997d439c22823a27cefceb5ff35c2178c6784c0c"},
]
pickleshare = [
    {file = "pickleshare-0.7.5-py2.py3-none-any.whl", hash = "sha256:9649af414d74d4df115d5d718f82acb59c9d418196b7b4290ed47a12ce62df56"},
    {file = "pickleshare-0.7.5.tar.gz", hash = "sha256:87683d47965c1da65cdacaf31c8441d12b8044cdec9aca500cd78fc2c683afca"},
]
prompt-toolkit = [
    {file = "prompt_toolkit-3.0.30-py3-none-any.whl", hash = "sha256:d8916d3f62a7b67ab353a952ce4ced6a1d2587dfe9ef8ebc30dd7c386751f289"},
    {file = "prompt_toolkit-3.0.30.tar.gz", hash = "sha256:859b283c50bde45f5f97829f77a4674d1c1fcd88539364f1b28a37805cfd89c0"},
]
ptyprocess = [
    {file = "ptyprocess-0.7.0-py2.py3-none-any.whl", hash = "sha256:4b41f3967fce3af57cc7e94b888626c18bf37a083e3651ca8feeb66d492fef35"},
    {file = "ptyprocess-0.7.0.tar.gz", hash = "sha256:5c5d0a3b48ceee0b48485e0c26037c0acd7d29765ca3fbb5cb3831d347423220"},
]
pure-eval = [
    {file = "pure_eval-0.2.2-py3-none-any.whl", hash = "sha256:01eaab343580944bc56080ebe0a674b39ec44a945e6d09ba7db3cb8cec289350"},
    {file = "pure_eval-0.2.2.tar.gz", hash = "sha256:2b45320af6dfaa1750f543d714b6d1c520a1688dec6fd24d339063ce0aaa9ac3"},
]
pyairtable = [
    {file = "pyairtable-1.2.0-py2.py3-none-any.whl", hash = "sha256:12fddba380e7ff5b0950616187dc865f1fadfb94c239a6eb71015b5bbe1fd392"},
    {file = "pyairtable-1.2.0.tar.gz", hash = "sha256:d8a25e555ce43e91b3c072a1cbb5554f5934b05b300fddb97179f63d6e309d08"},
]
pygments = [
    {file = "Pygments-2.12.0-py3-none-any.whl", hash = "sha256:dc9c10fb40944260f6ed4c688ece0cd2048414940f1cea51b8b226318411c519"},
    {file = "Pygments-2.12.0.tar.gz", hash = "sha256:5eb116118f9612ff1ee89ac96437bb6b49e8f04d8a13b514ba26f620208e26eb"},
]
pymeeus = [
    {file = "PyMeeus-0.5.11.tar.gz", hash = "sha256:bb9d670818d8b0594317b48a7dadea02a0594e5344263bf2054e1a011c8fed55"},
]
python-dateutil = [
    {file = "python-dateutil-2.8.2.tar.gz", hash = "sha256:0123cacc1627ae19ddf3c27a5de5bd67ee4586fbdd6440d9748f8abb483d3e86"},
    {file = "python_dateutil-2.8.2-py2.py3-none-any.whl", hash = "sha256:961d03dc3453ebbc59dbdea9e4e11c5651520a876d0f4db161e8674aae935da9"},
]
python-dotenv = [
    {file = "python-dotenv-0.20.0.tar.gz", hash = "sha256:b7e3b04a59693c42c36f9ab1cc2acc46fa5df8c78e178fc33a8d4cd05c8d498f"},
    {file = "python_dotenv-0.20.0-py3-none-any.whl", hash = "sha256:d92a187be61fe482e4fd675b6d52200e7be63a12b724abbf931a40ce4fa92938"},
]
pytz = [
    {file = "pytz-2022.1-py2.py3-none-any.whl", hash = "sha256:e68985985296d9a66a881eb3193b0906246245294a881e7c8afe623866ac6a5c"},
    {file = "pytz-2022.1.tar.gz", hash = "sha256:1e760e2fe6a8163bc0b3d9a19c4f84342afa0a2affebfaa84b01b978a02ecaa7"},
]
requests = [
    {file = "requests-2.28.1-py3-none-any.whl", hash = "sha256:8fefa2a1a1365bf5520aac41836fbee479da67864514bdb821f31ce07ce65349"},
    {file = "requests-2.28.1.tar.gz", hash = "sha256:7c5599b102feddaa661c826c56ab4fee28bfd17f5abca1ebbe3e7f19d7c97983"},
]
six = [
    {file = "six-1.16.0-py2.py3-none-any.whl", hash = "sha256:8abb2f1d86890a2dfb989f9a77cfcfd3e47c2a354b01111771326f8aa26e0254"},
    {file = "six-1.16.0.tar.gz", hash = "sha256:1e61c37477a1626458e36f7b1d82aa5c9b094fa4802892072e49de9c60c4c926"},
]
slack-bolt = [
    {file = "slack_bolt-1.14.0-py2.py3-none-any.whl", hash = "sha256:86acccfb668ae57d553126cfb46ab694893e71aa7d3f78af597464d4148b4fcb"},
    {file = "slack_bolt-1.14.0.tar.gz", hash = "sha256:2b3e41249616925325e3788b224440d8a70757885fd364d59eacc71db798a7ee"},
]
slack-sdk = [
    {file = "slack_sdk-3.17.2-py2.py3-none-any.whl", hash = "sha256:70d5a55a5d52ba7128d5347ed995425e1f83e729667ab296035bcf6c1b13a049"},
    {file = "slack_sdk-3.17.2.tar.gz", hash = "sha256:60302e32d48db6b4ea5453d92f23ecf3f7b843f799f61eaf271315264d7cb281"},
]
stack-data = [
    {file = "stack_data-0.3.0-py3-none-any.whl", hash = "sha256:aa1d52d14d09c7a9a12bb740e6bdfffe0f5e8f4f9218d85e7c73a8c37f7ae38d"},
    {file = "stack_data-0.3.0.tar.gz", hash = "sha256:77bec1402dcd0987e9022326473fdbcc767304892a533ed8c29888dacb7dddbc"},
]
tabulate = [
    {file = "tabulate-0.8.10-py3-none-any.whl", hash = "sha256:0ba055423dbaa164b9e456abe7920c5e8ed33fcc16f6d1b2f2d152c8e1e8b4fc"},
    {file = "tabulate-0.8.10-py3.8.egg", hash = "sha256:436f1c768b424654fce8597290d2764def1eea6a77cfa5c33be00b1bc0f4f63d"},
    {file = "tabulate-0.8.10.tar.gz", hash = "sha256:6c57f3f3dd7ac2782770155f3adb2db0b1a269637e42f27599925e64b114f519"},
]
traitlets = [
    {file = "traitlets-5.3.0-py3-none-any.whl", hash = "sha256:65fa18961659635933100db8ca120ef6220555286949774b9cfc106f941d1c7a"},
    {file = "traitlets-5.3.0.tar.gz", hash = "sha256:0bb9f1f9f017aa8ec187d8b1b2a7a6626a2a1d877116baba52a129bfa124f8e2"},
]
urllib3 = [
    {file = "urllib3-1.26.10-py2.py3-none-any.whl", hash = "sha256:8298d6d56d39be0e3bc13c1c97d133f9b45d797169a0e11cdd0e0489d786f7ec"},
    {file = "urllib3-1.26.10.tar.gz", hash = "sha256:879ba4d1e89654d9769ce13121e0f94310ea32e8d2f8cf587b77c08bbcdb30d6"},
]
wcwidth = [
    {file = "wcwidth-0.2.5-py2.py3-none-any.whl", hash = "sha256:beb4802a9cebb9144e99086eff703a642a13d6a0052920003a230f3294bbe784"},
    {file = "wcwidth-0.2.5.tar.gz", hash = "sha256:c4d647b99872929fdb7bdcaa4fbe7f01413ed3d98077df798530e5b04f116c83"},
]
werkzeug = [
    {file = "Werkzeug-2.1.2-py3-none-any.whl", hash = "sha256:72a4b735692dd3135217911cbeaa1be5fa3f62bffb8745c5215420a03dc55255"},
    {file = "Werkzeug-2.1.2.tar.gz", hash = "sha256:1ce08e8093ed67d638d63879fd1ba3735817f7a80de3674d293f5984f25fb6e6"},
]
zipp = [
    {file = "zipp-3.8.0-py3-none-any.whl", hash = "sha256:c4f6e5bbf48e74f7a38e7cc5b0480ff42b0ae5178957d564d18932525d5cf099"},
    {file = "zipp-3.8.0.tar.gz", hash = "sha256:56bf8aadb83c24db6c4b577e13de374ccfb67da2078beba1d037c17980bf43ad"},
]
